
Microsoft Visual Studio Solution File, Format Version 12.00
Project("{FAE04EC0-301F-11D3-BF4B-00C04F79EFBC}") = "MiniBroker.Abstraction", "src\MiniBroker.Abstraction\MiniBroker.Abstraction.csproj", "{6538A244-3C38-4F16-A7E3-CFD2595516B5}"
EndProject
Project("{FAE04EC0-301F-11D3-BF4B-00C04F79EFBC}") = "MiniBroker.Demo.App1", "src\MiniBroker.Demo.App1\MiniBroker.Demo.App1.csproj", "{C61E719B-38FC-4042-BA09-FE1C86F00606}"
EndProject
Project("{FAE04EC0-301F-11D3-BF4B-00C04F79EFBC}") = "MiniBroker.Demo.App2", "src\MiniBroker.Demo.App2\MiniBroker.Demo.App2.csproj", "{267E7AAE-00A3-4D74-BFF3-4362F5FD364E}"
EndProject
Project("{FAE04EC0-301F-11D3-BF4B-00C04F79EFBC}") = "MiniBroker.Grpc.Client", "src\MiniBroker.Grpc.Client\MiniBroker.Grpc.Client.csproj", "{F9743686-53EB-41C4-AA82-B16734C5FEA1}"
EndProject
Project("{FAE04EC0-301F-11D3-BF4B-00C04F79EFBC}") = "MiniBroker.Worker", "src\MiniBroker.Worker\MiniBroker.Worker.csproj", "{9BD2C1AE-EEB0-47E0-AF33-633062159219}"
EndProject
Project("{2150E333-8FDC-42A3-9474-1A3956D46DE8}") = "Demo", "Demo", "{EF0C35E9-FBEF-44B4-9641-0A5F066FF809}"
EndProject
Project("{FAE04EC0-301F-11D3-BF4B-00C04F79EFBC}") = "MiniBroker.Demo.Svc", "src\MiniBroker.Demo.Svc\MiniBroker.Demo.Svc.csproj", "{1DDE4C38-50AE-4A7E-A2CC-A1C7122E8967}"
EndProject
Project("{FAE04EC0-301F-11D3-BF4B-00C04F79EFBC}") = "MiniBroker.Grpc.Client.Tests", "tests\MiniBroker.Grpc.Client.Tests\MiniBroker.Grpc.Client.Tests.csproj", "{6B5B6392-EC64-4AEB-99CD-E3C228A02BFB}"
EndProject
Project("{2150E333-8FDC-42A3-9474-1A3956D46DE8}") = "Tests", "Tests", "{E24F931A-9EFE-4E74-8B95-76BA63873257}"
EndProject
Project("{FAE04EC0-301F-11D3-BF4B-00C04F79EFBC}") = "MiniBroker.IntegrationTests", "tests\MiniBroker.IntegrationTests\MiniBroker.IntegrationTests.csproj", "{CD16AA7F-5EDB-4E1C-A6FB-86A7F02563D9}"
EndProject
Project("{FAE04EC0-301F-11D3-BF4B-00C04F79EFBC}") = "MiniBroker.Client.SourceGen", "src\MiniBroker.Client.SourceGen\MiniBroker.Client.SourceGen.csproj", "{C3F752EB-2193-40AB-987D-8A4FDE994BF1}"
EndProject
Project("{2150E333-8FDC-42A3-9474-1A3956D46DE8}") = "CodeGenDemo", "CodeGenDemo", "{C8E9276A-2E93-4FAC-AAA6-E4B09885B8E5}"
EndProject
Project("{FAE04EC0-301F-11D3-BF4B-00C04F79EFBC}") = "MiniBroker.Gen1", "src\MiniBroker.Gen1\MiniBroker.Gen1.csproj", "{DA19DA46-8B65-4643-BB80-260C356D0087}"
EndProject
Project("{FAE04EC0-301F-11D3-BF4B-00C04F79EFBC}") = "MiniBroker.Gen2", "src\MiniBroker.Gen2\MiniBroker.Gen2.csproj", "{38586685-CB92-43CF-91D2-80A24AE01486}"
EndProject
Project("{FAE04EC0-301F-11D3-BF4B-00C04F79EFBC}") = "MiniBroker.Gen.App", "src\MiniBroker.Gen.App\MiniBroker.Gen.App.csproj", "{75A7F835-1308-433E-BEC2-D17F3867D1AB}"
EndProject
Global
	GlobalSection(SolutionConfigurationPlatforms) = preSolution
		Debug|Any CPU = Debug|Any CPU
		Release|Any CPU = Release|Any CPU
	EndGlobalSection
	GlobalSection(ProjectConfigurationPlatforms) = postSolution
		{6538A244-3C38-4F16-A7E3-CFD2595516B5}.Debug|Any CPU.ActiveCfg = Debug|Any CPU
		{6538A244-3C38-4F16-A7E3-CFD2595516B5}.Debug|Any CPU.Build.0 = Debug|Any CPU
		{6538A244-3C38-4F16-A7E3-CFD2595516B5}.Release|Any CPU.ActiveCfg = Release|Any CPU
		{6538A244-3C38-4F16-A7E3-CFD2595516B5}.Release|Any CPU.Build.0 = Release|Any CPU
		{C61E719B-38FC-4042-BA09-FE1C86F00606}.Debug|Any CPU.ActiveCfg = Debug|Any CPU
		{C61E719B-38FC-4042-BA09-FE1C86F00606}.Debug|Any CPU.Build.0 = Debug|Any CPU
		{C61E719B-38FC-4042-BA09-FE1C86F00606}.Release|Any CPU.ActiveCfg = Release|Any CPU
		{C61E719B-38FC-4042-BA09-FE1C86F00606}.Release|Any CPU.Build.0 = Release|Any CPU
		{267E7AAE-00A3-4D74-BFF3-4362F5FD364E}.Debug|Any CPU.ActiveCfg = Debug|Any CPU
		{267E7AAE-00A3-4D74-BFF3-4362F5FD364E}.Debug|Any CPU.Build.0 = Debug|Any CPU
		{267E7AAE-00A3-4D74-BFF3-4362F5FD364E}.Release|Any CPU.ActiveCfg = Release|Any CPU
		{267E7AAE-00A3-4D74-BFF3-4362F5FD364E}.Release|Any CPU.Build.0 = Release|Any CPU
		{F9743686-53EB-41C4-AA82-B16734C5FEA1}.Debug|Any CPU.ActiveCfg = Debug|Any CPU
		{F9743686-53EB-41C4-AA82-B16734C5FEA1}.Debug|Any CPU.Build.0 = Debug|Any CPU
		{F9743686-53EB-41C4-AA82-B16734C5FEA1}.Release|Any CPU.ActiveCfg = Release|Any CPU
		{F9743686-53EB-41C4-AA82-B16734C5FEA1}.Release|Any CPU.Build.0 = Release|Any CPU
		{9BD2C1AE-EEB0-47E0-AF33-633062159219}.Debug|Any CPU.ActiveCfg = Debug|Any CPU
		{9BD2C1AE-EEB0-47E0-AF33-633062159219}.Debug|Any CPU.Build.0 = Debug|Any CPU
		{9BD2C1AE-EEB0-47E0-AF33-633062159219}.Release|Any CPU.ActiveCfg = Release|Any CPU
		{9BD2C1AE-EEB0-47E0-AF33-633062159219}.Release|Any CPU.Build.0 = Release|Any CPU
		{1DDE4C38-50AE-4A7E-A2CC-A1C7122E8967}.Debug|Any CPU.ActiveCfg = Debug|Any CPU
		{1DDE4C38-50AE-4A7E-A2CC-A1C7122E8967}.Debug|Any CPU.Build.0 = Debug|Any CPU
		{1DDE4C38-50AE-4A7E-A2CC-A1C7122E8967}.Release|Any CPU.ActiveCfg = Release|Any CPU
		{1DDE4C38-50AE-4A7E-A2CC-A1C7122E8967}.Release|Any CPU.Build.0 = Release|Any CPU
		{6B5B6392-EC64-4AEB-99CD-E3C228A02BFB}.Debug|Any CPU.ActiveCfg = Debug|Any CPU
		{6B5B6392-EC64-4AEB-99CD-E3C228A02BFB}.Debug|Any CPU.Build.0 = Debug|Any CPU
		{6B5B6392-EC64-4AEB-99CD-E3C228A02BFB}.Release|Any CPU.ActiveCfg = Release|Any CPU
		{6B5B6392-EC64-4AEB-99CD-E3C228A02BFB}.Release|Any CPU.Build.0 = Release|Any CPU
		{CD16AA7F-5EDB-4E1C-A6FB-86A7F02563D9}.Debug|Any CPU.ActiveCfg = Debug|Any CPU
		{CD16AA7F-5EDB-4E1C-A6FB-86A7F02563D9}.Debug|Any CPU.Build.0 = Debug|Any CPU
		{CD16AA7F-5EDB-4E1C-A6FB-86A7F02563D9}.Release|Any CPU.ActiveCfg = Release|Any CPU
		{CD16AA7F-5EDB-4E1C-A6FB-86A7F02563D9}.Release|Any CPU.Build.0 = Release|Any CPU
		{C3F752EB-2193-40AB-987D-8A4FDE994BF1}.Debug|Any CPU.ActiveCfg = Debug|Any CPU
		{C3F752EB-2193-40AB-987D-8A4FDE994BF1}.Debug|Any CPU.Build.0 = Debug|Any CPU
		{C3F752EB-2193-40AB-987D-8A4FDE994BF1}.Release|Any CPU.ActiveCfg = Release|Any CPU
		{C3F752EB-2193-40AB-987D-8A4FDE994BF1}.Release|Any CPU.Build.0 = Release|Any CPU
		{DA19DA46-8B65-4643-BB80-260C356D0087}.Debug|Any CPU.ActiveCfg = Debug|Any CPU
		{DA19DA46-8B65-4643-BB80-260C356D0087}.Debug|Any CPU.Build.0 = Debug|Any CPU
		{DA19DA46-8B65-4643-BB80-260C356D0087}.Release|Any CPU.ActiveCfg = Release|Any CPU
		{DA19DA46-8B65-4643-BB80-260C356D0087}.Release|Any CPU.Build.0 = Release|Any CPU
		{38586685-CB92-43CF-91D2-80A24AE01486}.Debug|Any CPU.ActiveCfg = Debug|Any CPU
		{38586685-CB92-43CF-91D2-80A24AE01486}.Debug|Any CPU.Build.0 = Debug|Any CPU
		{38586685-CB92-43CF-91D2-80A24AE01486}.Release|Any CPU.ActiveCfg = Release|Any CPU
		{38586685-CB92-43CF-91D2-80A24AE01486}.Release|Any CPU.Build.0 = Release|Any CPU
		{75A7F835-1308-433E-BEC2-D17F3867D1AB}.Debug|Any CPU.ActiveCfg = Debug|Any CPU
		{75A7F835-1308-433E-BEC2-D17F3867D1AB}.Debug|Any CPU.Build.0 = Debug|Any CPU
		{75A7F835-1308-433E-BEC2-D17F3867D1AB}.Release|Any CPU.ActiveCfg = Release|Any CPU
		{75A7F835-1308-433E-BEC2-D17F3867D1AB}.Release|Any CPU.Build.0 = Release|Any CPU
	EndGlobalSection
	GlobalSection(NestedProjects) = preSolution
		{C61E719B-38FC-4042-BA09-FE1C86F00606} = {EF0C35E9-FBEF-44B4-9641-0A5F066FF809}
		{267E7AAE-00A3-4D74-BFF3-4362F5FD364E} = {EF0C35E9-FBEF-44B4-9641-0A5F066FF809}
		{1DDE4C38-50AE-4A7E-A2CC-A1C7122E8967} = {EF0C35E9-FBEF-44B4-9641-0A5F066FF809}
		{6B5B6392-EC64-4AEB-99CD-E3C228A02BFB} = {E24F931A-9EFE-4E74-8B95-76BA63873257}
		{CD16AA7F-5EDB-4E1C-A6FB-86A7F02563D9} = {E24F931A-9EFE-4E74-8B95-76BA63873257}
		{DA19DA46-8B65-4643-BB80-260C356D0087} = {C8E9276A-2E93-4FAC-AAA6-E4B09885B8E5}
		{38586685-CB92-43CF-91D2-80A24AE01486} = {C8E9276A-2E93-4FAC-AAA6-E4B09885B8E5}
		{75A7F835-1308-433E-BEC2-D17F3867D1AB} = {C8E9276A-2E93-4FAC-AAA6-E4B09885B8E5}
	EndGlobalSection
EndGlobal
